
Microsoft Visual Studio Solution File, Format Version 12.00
# Visual Studio 15
VisualStudioVersion = 15.0.27004.2002
MinimumVisualStudioVersion = 10.0.40219.1
Project("{FAE04EC0-301F-11D3-BF4B-00C04F79EFBC}") = "WebApplication9", "WebApplication9\WebApplication9.csproj", "{0F72EA05-C845-4081-ADE9-15AF07D61BBC}"
EndProject
Global
	GlobalSection(SolutionConfigurationPlatforms) = preSolution
		Debug|Any CPU = Debug|Any CPU
		Release|Any CPU = Release|Any CPU
	EndGlobalSection
	GlobalSection(ProjectConfigurationPlatforms) = postSolution
		{0F72EA05-C845-4081-ADE9-15AF07D61BBC}.Debug|Any CPU.ActiveCfg = Debug|Any CPU
		{0F72EA05-C845-4081-ADE9-15AF07D61BBC}.Debug|Any CPU.Build.0 = Debug|Any CPU
		{0F72EA05-C845-4081-ADE9-15AF07D61BBC}.Release|Any CPU.ActiveCfg = Release|Any CPU
		{0F72EA05-C845-4081-ADE9-15AF07D61BBC}.Release|Any CPU.Build.0 = Release|Any CPU
	EndGlobalSection
	GlobalSection(SolutionProperties) = preSolution
		HideSolutionNode = FALSE
	EndGlobalSection
	GlobalSection(ExtensibilityGlobals) = postSolution
		SolutionGuid = {C02C4804-20F2-41A1-A5EB-9C6E2F8579F9}
	EndGlobalSection
EndGlobal
